PODS:
  - JBScrollingTabBarController (0.1.3)

DEPENDENCIES:
  - JBScrollingTabBarController (from `../`)

EXTERNAL SOURCES:
  JBScrollingTabBarController:
    :path: ../

SPEC CHECKSUMS:
  JBScrollingTabBarController: 3b323b8e537a75b84ab3f5567b5c177be7854fa4

PODFILE CHECKSUM: efc48663d064fa04307a6e1b51aa5fca511e503a

COCOAPODS: 1.1.0
