PODS:
  - JBScrollingTabBarController (0.1.0)

DEPENDENCIES:
  - JBScrollingTabBarController (from `../`)

EXTERNAL SOURCES:
  JBScrollingTabBarController:
    :path: ../

SPEC CHECKSUMS:
  JBScrollingTabBarController: 04aa3f3c4826a19cd82f473768a5f0a41788bebc

PODFILE CHECKSUM: 1d643217ea045fa131dd66de20ae6a36cbfe6fb7

COCOAPODS: 1.1.0
